
Microsoft Visual Studio Solution File, Format Version 12.00
# Visual Studio Version 17
VisualStudioVersion = 17.3.32929.385
MinimumVisualStudioVersion = 10.0.40219.1
Project("{FAE04EC0-301F-11D3-BF4B-00C04F79EFBC}") = "OldGamerCry_ASP_Blog", "OldGamerCry_ASP_Blog\OldGamerCry_ASP_Blog.csproj", "{B8D0114F-6777-4608-9C01-455BC3D54C3C}"
EndProject
Global
	GlobalSection(SolutionConfigurationPlatforms) = preSolution
		Debug|Any CPU = Debug|Any CPU
		Release|Any CPU = Release|Any CPU
	EndGlobalSection
	GlobalSection(ProjectConfigurationPlatforms) = postSolution
		{B8D0114F-6777-4608-9C01-455BC3D54C3C}.Debug|Any CPU.ActiveCfg = Debug|Any CPU
		{B8D0114F-6777-4608-9C01-455BC3D54C3C}.Debug|Any CPU.Build.0 = Debug|Any CPU
		{B8D0114F-6777-4608-9C01-455BC3D54C3C}.Release|Any CPU.ActiveCfg = Release|Any CPU
		{B8D0114F-6777-4608-9C01-455BC3D54C3C}.Release|Any CPU.Build.0 = Release|Any CPU
	EndGlobalSection
	GlobalSection(SolutionProperties) = preSolution
		HideSolutionNode = FALSE
	EndGlobalSection
	GlobalSection(ExtensibilityGlobals) = postSolution
		SolutionGuid = {5C4B07BC-197F-4CFC-AD78-1BCC6FE33336}
	EndGlobalSection
EndGlobal
